// !$*UTF8*$!
{
	archiveVersion = 1;
	classes = {
	};
	objectVersion = 56;
	objects = {

/* Begin PBXBuildFile section */
		A6346AD92B58FB230078ECB8 /* mutualFundCalculator.swift in Sources */ = {isa = PBXBuildFile; fileRef = A6346AD82B58FB230078ECB8 /* mutualFundCalculator.swift */; };
		A6346ADB2B58FBC50078ECB8 /* interestCalculator.swift in Sources */ = {isa = PBXBuildFile; fileRef = A6346ADA2B58FBC50078ECB8 /* interestCalculator.swift */; };
		A6346ADD2B58FBF60078ECB8 /* discountCalculator.swift in Sources */ = {isa = PBXBuildFile; fileRef = A6346ADC2B58FBF60078ECB8 /* discountCalculator.swift */; };
		A6346ADF2B58FC0E0078ECB8 /* eMICalculator.swift in Sources */ = {isa = PBXBuildFile; fileRef = A6346ADE2B58FC0E0078ECB8 /* eMICalculator.swift */; };
		A6346AE12B58FC330078ECB8 /* schoolResult.swift in Sources */ = {isa = PBXBuildFile; fileRef = A6346AE02B58FC330078ECB8 /* schoolResult.swift */; };
		A6346AE32B58FC720078ECB8 /* result.swift in Sources */ = {isa = PBXBuildFile; fileRef = A6346AE22B58FC720078ECB8 /* result.swift */; };
		A634D6852B4E62DC001986DB /* MainPage.swift in Sources */ = {isa = PBXBuildFile; fileRef = A634D6842B4E62DC001986DB /* MainPage.swift */; };
		A6BD7F992B4D247100190612 /* AppDelegate.swift in Sources */ = {isa = PBXBuildFile; fileRef = A6BD7F982B4D247100190612 /* AppDelegate.swift */; };
		A6BD7F9B2B4D247100190612 /* SceneDelegate.swift in Sources */ = {isa = PBXBuildFile; fileRef = A6BD7F9A2B4D247100190612 /* SceneDelegate.swift */; };
		A6BD7F9D2B4D247100190612 /* ViewController.swift in Sources */ = {isa = PBXBuildFile; fileRef = A6BD7F9C2B4D247100190612 /* ViewController.swift */; };
		A6BD7FA02B4D247100190612 /* Main.storyboard in Resources */ = {isa = PBXBuildFile; fileRef = A6BD7F9E2B4D247100190612 /* Main.storyboard */; };
		A6BD7FA22B4D247100190612 /* Assets.xcassets in Resources */ = {isa = PBXBuildFile; fileRef = A6BD7FA12B4D247100190612 /* Assets.xcassets */; };
		A6BD7FA52B4D247100190612 /* LaunchScreen.storyboard in Resources */ = {isa = PBXBuildFile; fileRef = A6BD7FA32B4D247100190612 /* LaunchScreen.storyboard */; };
/* End PBXBuildFile section */

/* Begin PBXFileReference section */
		A6346AD82B58FB230078ECB8 /* mutualFundCalculator.swift */ = {isa = PBXFileReference; lastKnownFileType = sourcecode.swift; path = mutualFundCalculator.swift; sourceTree = "<group>"; };
		A6346ADA2B58FBC50078ECB8 /* interestCalculator.swift */ = {isa = PBXFileReference; lastKnownFileType = sourcecode.swift; path = interestCalculator.swift; sourceTree = "<group>"; };
		A6346ADC2B58FBF60078ECB8 /* discountCalculator.swift */ = {isa = PBXFileReference; lastKnownFileType = sourcecode.swift; path = discountCalculator.swift; sourceTree = "<group>"; };
		A6346ADE2B58FC0E0078ECB8 /* eMICalculator.swift */ = {isa = PBXFileReference; lastKnownFileType = sourcecode.swift; path = eMICalculator.swift; sourceTree = "<group>"; };
		A6346AE02B58FC330078ECB8 /* schoolResult.swift */ = {isa = PBXFileReference; lastKnownFileType = sourcecode.swift; path = schoolResult.swift; sourceTree = "<group>"; };
		A6346AE22B58FC720078ECB8 /* result.swift */ = {isa = PBXFileReference; lastKnownFileType = sourcecode.swift; path = result.swift; sourceTree = "<group>"; };
		A634D6842B4E62DC001986DB /* MainPage.swift */ = {isa = PBXFileReference; lastKnownFileType = sourcecode.swift; path = MainPage.swift; sourceTree = "<group>"; };
		A6BD7F952B4D247100190612 /* Master Calculation.app */ = {isa = PBXFileReference; explicitFileType = wrapper.application; includeInIndex = 0; path = "Master Calculation.app"; sourceTree = BUILT_PRODUCTS_DIR; };
		A6BD7F982B4D247100190612 /* AppDelegate.swift */ = {isa = PBXFileReference; lastKnownFileType = sourcecode.swift; path = AppDelegate.swift; sourceTree = "<group>"; };
		A6BD7F9A2B4D247100190612 /* SceneDelegate.swift */ = {isa = PBXFileReference; lastKnownFileType = sourcecode.swift; path = SceneDelegate.swift; sourceTree = "<group>"; };
		A6BD7F9C2B4D247100190612 /* ViewController.swift */ = {isa = PBXFileReference; lastKnownFileType = sourcecode.swift; path = ViewController.swift; sourceTree = "<group>"; };
		A6BD7F9F2B4D247100190612 /* Base */ = {isa = PBXFileReference; lastKnownFileType = file.storyboard; name = Base; path = Base.lproj/Main.storyboard; sourceTree = "<group>"; };
		A6BD7FA12B4D247100190612 /* Assets.xcassets */ = {isa = PBXFileReference; lastKnownFileType = folder.assetcatalog; path = Assets.xcassets; sourceTree = "<group>"; };
		A6BD7FA42B4D247100190612 /* Base */ = {isa = PBXFileReference; lastKnownFileType = file.storyboard; name = Base; path = Base.lproj/LaunchScreen.storyboard; sourceTree = "<group>"; };
		A6BD7FA62B4D247100190612 /* Info.plist */ = {isa = PBXFileReference; lastKnownFileType = text.plist.xml; path = Info.plist; sourceTree = "<group>"; };
/* End PBXFileReference section */

/* Begin PBXFrameworksBuildPhase section */
		A6BD7F922B4D247100190612 /* Frameworks */ = {
			isa = PBXFrameworksBuildPhase;
			buildActionMask = 2147483647;
			files = (
			);
			runOnlyForDeploymentPostprocessing = 0;
		};
/* End PBXFrameworksBuildPhase section */

/* Begin PBXGroup section */
		A6BD7F8C2B4D247000190612 = {
			isa = PBXGroup;
			children = (
				A6BD7F972B4D247100190612 /* Master Calculation */,
				A6BD7F962B4D247100190612 /* Products */,
			);
			sourceTree = "<group>";
		};
		A6BD7F962B4D247100190612 /* Products */ = {
			isa = PBXGroup;
			children = (
				A6BD7F952B4D247100190612 /* Master Calculation.app */,
			);
			name = Products;
			sourceTree = "<group>";
		};
		A6BD7F972B4D247100190612 /* Master Calculation */ = {
			isa = PBXGroup;
			children = (
				A6346AE22B58FC720078ECB8 /* result.swift */,
				A6346AE02B58FC330078ECB8 /* schoolResult.swift */,
				A6346ADE2B58FC0E0078ECB8 /* eMICalculator.swift */,
				A6346ADC2B58FBF60078ECB8 /* discountCalculator.swift */,
				A6346ADA2B58FBC50078ECB8 /* interestCalculator.swift */,
				A6346AD82B58FB230078ECB8 /* mutualFundCalculator.swift */,
				A6BD7F982B4D247100190612 /* AppDelegate.swift */,
				A6BD7F9A2B4D247100190612 /* SceneDelegate.swift */,
				A6BD7F9C2B4D247100190612 /* ViewController.swift */,
				A634D6842B4E62DC001986DB /* MainPage.swift */,
				A6BD7F9E2B4D247100190612 /* Main.storyboard */,
				A6BD7FA12B4D247100190612 /* Assets.xcassets */,
				A6BD7FA32B4D247100190612 /* LaunchScreen.storyboard */,
				A6BD7FA62B4D247100190612 /* Info.plist */,
			);
			path = "Master Calculation";
			sourceTree = "<group>";
		};
/* End PBXGroup section */

/* Begin PBXNativeTarget section */
		A6BD7F942B4D247100190612 /* Master Calculation */ = {
			isa = PBXNativeTarget;
			buildConfigurationList = A6BD7FA92B4D247100190612 /* Build configuration list for PBXNativeTarget "Master Calculation" */;
			buildPhases = (
				A6BD7F912B4D247100190612 /* Sources */,
				A6BD7F922B4D247100190612 /* Frameworks */,
				A6BD7F932B4D247100190612 /* Resources */,
			);
			buildRules = (
			);
			dependencies = (
			);
			name = "Master Calculation";
			productName = "Master Calculation";
			productReference = A6BD7F952B4D247100190612 /* Master Calculation.app */;
			productType = "com.apple.product-type.application";
		};
/* End PBXNativeTarget section */

/* Begin PBXProject section */
		A6BD7F8D2B4D247000190612 /* Project object */ = {
			isa = PBXProject;
			attributes = {
				BuildIndependentTargetsInParallel = 1;
				LastSwiftUpdateCheck = 1430;
				LastUpgradeCheck = 1430;
				TargetAttributes = {
					A6BD7F942B4D247100190612 = {
						CreatedOnToolsVersion = 14.3.1;
					};
				};
			};
			buildConfigurationList = A6BD7F902B4D247000190612 /* Build configuration list for PBXProject "Master Calculation" */;
			compatibilityVersion = "Xcode 14.0";
			developmentRegion = en;
			hasScannedForEncodings = 0;
			knownRegions = (
				en,
				Base,
			);
			mainGroup = A6BD7F8C2B4D247000190612;
			productRefGroup = A6BD7F962B4D247100190612 /* Products */;
			projectDirPath = "";
			projectRoot = "";
			targets = (
				A6BD7F942B4D247100190612 /* Master Calculation */,
			);
		};
/* End PBXProject section */

/* Begin PBXResourcesBuildPhase section */
		A6BD7F932B4D247100190612 /* Resources */ = {
			isa = PBXResourcesBuildPhase;
			buildActionMask = 2147483647;
			files = (
				A6BD7FA52B4D247100190612 /* LaunchScreen.storyboard in Resources */,
				A6BD7FA22B4D247100190612 /* Assets.xcassets in Resources */,
				A6BD7FA02B4D247100190612 /* Main.storyboard in Resources */,
			);
			runOnlyForDeploymentPostprocessing = 0;
		};
/* End PBXResourcesBuildPhase section */

/* Begin PBXSourcesBuildPhase section */
		A6BD7F912B4D247100190612 /* Sources */ = {
			isa = PBXSourcesBuildPhase;
			buildActionMask = 2147483647;
			files = (
				A6BD7F9D2B4D247100190612 /* ViewController.swift in Sources */,
				A6346ADB2B58FBC50078ECB8 /* interestCalculator.swift in Sources */,
				A6BD7F992B4D247100190612 /* AppDelegate.swift in Sources */,
				A6346ADF2B58FC0E0078ECB8 /* eMICalculator.swift in Sources */,
				A6346AD92B58FB230078ECB8 /* mutualFundCalculator.swift in Sources */,
				A6BD7F9B2B4D247100190612 /* SceneDelegate.swift in Sources */,
				A6346AE32B58FC720078ECB8 /* result.swift in Sources */,
				A6346ADD2B58FBF60078ECB8 /* discountCalculator.swift in Sources */,
				A634D6852B4E62DC001986DB /* MainPage.swift in Sources */,
				A6346AE12B58FC330078ECB8 /* schoolResult.swift in Sources */,
			);
			runOnlyForDeploymentPostprocessing = 0;
		};
/* End PBXSourcesBuildPhase section */

/* Begin PBXVariantGroup section */
		A6BD7F9E2B4D247100190612 /* Main.storyboard */ = {
			isa = PBXVariantGroup;
			children = (
				A6BD7F9F2B4D247100190612 /* Base */,
			);
			name = Main.storyboard;
			sourceTree = "<group>";
		};
		A6BD7FA32B4D247100190612 /* LaunchScreen.storyboard */ = {
			isa = PBXVariantGroup;
			children = (
				A6BD7FA42B4D247100190612 /* Base */,
			);
			name = LaunchScreen.storyboard;
			sourceTree = "<group>";
		};
/* End PBXVariantGroup section */

/* Begin XCBuildConfiguration section */
		A6BD7FA72B4D247100190612 /* Debug */ = {
			isa = XCBuildConfiguration;
			buildSettings = {
				ALWAYS_SEARCH_USER_PATHS = NO;
				CLANG_ANALYZER_NONNULL = YES;
				CLANG_ANALYZER_NUMBER_OBJECT_CONVERSION = YES_AGGRESSIVE;
				CLANG_CXX_LANGUAGE_STANDARD = "gnu++20";
				CLANG_ENABLE_MODULES = YES;
				CLANG_ENABLE_OBJC_ARC = YES;
				CLANG_ENABLE_OBJC_WEAK = YES;
				CLANG_WARN_BLOCK_CAPTURE_AUTORELEASING = YES;
				CLANG_WARN_BOOL_CONVERSION = YES;
				CLANG_WARN_COMMA = YES;
				CLANG_WARN_CONSTANT_CONVERSION = YES;
				CLANG_WARN_DEPRECATED_OBJC_IMPLEMENTATIONS = YES;
				CLANG_WARN_DIRECT_OBJC_ISA_USAGE = YES_ERROR;
				CLANG_WARN_DOCUMENTATION_COMMENTS = YES;
				CLANG_WARN_EMPTY_BODY = YES;
				CLANG_WARN_ENUM_CONVERSION = YES;
				CLANG_WARN_INFINITE_RECURSION = YES;
				CLANG_WARN_INT_CONVERSION = YES;
				CLANG_WARN_NON_LITERAL_NULL_CONVERSION = YES;
				CLANG_WARN_OBJC_IMPLICIT_RETAIN_SELF = YES;
				CLANG_WARN_OBJC_LITERAL_CONVERSION = YES;
				CLANG_WARN_OBJC_ROOT_CLASS = YES_ERROR;
				CLANG_WARN_QUOTED_INCLUDE_IN_FRAMEWORK_HEADER = YES;
				CLANG_WARN_RANGE_LOOP_ANALYSIS = YES;
				CLANG_WARN_STRICT_PROTOTYPES = YES;
				CLANG_WARN_SUSPICIOUS_MOVE = YES;
				CLANG_WARN_UNGUARDED_AVAILABILITY = YES_AGGRESSIVE;
				CLANG_WARN_UNREACHABLE_CODE = YES;
				CLANG_WARN__DUPLICATE_METHOD_MATCH = YES;
				COPY_PHASE_STRIP = NO;
				DEBUG_INFORMATION_FORMAT = dwarf;
				ENABLE_STRICT_OBJC_MSGSEND = YES;
				ENABLE_TESTABILITY = YES;
				GCC_C_LANGUAGE_STANDARD = gnu11;
				GCC_DYNAMIC_NO_PIC = NO;
				GCC_NO_COMMON_BLOCKS = YES;
				GCC_OPTIMIZATION_LEVEL = 0;
				GCC_PREPROCESSOR_DEFINITIONS = (
					"DEBUG=1",
					"$(inherited)",
				);
				GCC_WARN_64_TO_32_BIT_CONVERSION = YES;
				GCC_WARN_ABOUT_RETURN_TYPE = YES_ERROR;
				GCC_WARN_UNDECLARED_SELECTOR = YES;
				GCC_WARN_UNINITIALIZED_AUTOS = YES_AGGRESSIVE;
				GCC_WARN_UNUSED_FUNCTION = YES;
				GCC_WARN_UNUSED_VARIABLE = YES;
				IPHONEOS_DEPLOYMENT_TARGET = 16.4;
				MTL_ENABLE_DEBUG_INFO = INCLUDE_SOURCE;
				MTL_FAST_MATH = YES;
				ONLY_ACTIVE_ARCH = YES;
				SDKROOT = iphoneos;
				SWIFT_ACTIVE_COMPILATION_CONDITIONS = DEBUG;
				SWIFT_OPTIMIZATION_LEVEL = "-Onone";
			};
			name = Debug;
		};
		A6BD7FA82B4D247100190612 /* Release */ = {
			isa = XCBuildConfiguration;
			buildSettings = {
				ALWAYS_SEARCH_USER_PATHS = NO;
				CLANG_ANALYZER_NONNULL = YES;
				CLANG_ANALYZER_NUMBER_OBJECT_CONVERSION = YES_AGGRESSIVE;
				CLANG_CXX_LANGUAGE_STANDARD = "gnu++20";
				CLANG_ENABLE_MODULES = YES;
				CLANG_ENABLE_OBJC_ARC = YES;
				CLANG_ENABLE_OBJC_WEAK = YES;
				CLANG_WARN_BLOCK_CAPTURE_AUTORELEASING = YES;
				CLANG_WARN_BOOL_CONVERSION = YES;
				CLANG_WARN_COMMA = YES;
				CLANG_WARN_CONSTANT_CONVERSION = YES;
				CLANG_WARN_DEPRECATED_OBJC_IMPLEMENTATIONS = YES;
				CLANG_WARN_DIRECT_OBJC_ISA_USAGE = YES_ERROR;
				CLANG_WARN_DOCUMENTATION_COMMENTS = YES;
				CLANG_WARN_EMPTY_BODY = YES;
				CLANG_WARN_ENUM_CONVERSION = YES;
				CLANG_WARN_INFINITE_RECURSION = YES;
				CLANG_WARN_INT_CONVERSION = YES;
				CLANG_WARN_NON_LITERAL_NULL_CONVERSION = YES;
				CLANG_WARN_OBJC_IMPLICIT_RETAIN_SELF = YES;
				CLANG_WARN_OBJC_LITERAL_CONVERSION = YES;
				CLANG_WARN_OBJC_ROOT_CLASS = YES_ERROR;
				CLANG_WARN_QUOTED_INCLUDE_IN_FRAMEWORK_HEADER = YES;
				CLANG_WARN_RANGE_LOOP_ANALYSIS = YES;
				CLANG_WARN_STRICT_PROTOTYPES = YES;
				CLANG_WARN_SUSPICIOUS_MOVE = YES;
				CLANG_WARN_UNGUARDED_AVAILABILITY = YES_AGGRESSIVE;
				CLANG_WARN_UNREACHABLE_CODE = YES;
				CLANG_WARN__DUPLICATE_METHOD_MATCH = YES;
				COPY_PHASE_STRIP = NO;
				DEBUG_INFORMATION_FORMAT = "dwarf-with-dsym";
				ENABLE_NS_ASSERTIONS = NO;
				ENABLE_STRICT_OBJC_MSGSEND = YES;
				GCC_C_LANGUAGE_STANDARD = gnu11;
				GCC_NO_COMMON_BLOCKS = YES;
				GCC_WARN_64_TO_32_BIT_CONVERSION = YES;
				GCC_WARN_ABOUT_RETURN_TYPE = YES_ERROR;
				GCC_WARN_UNDECLARED_SELECTOR = YES;
				GCC_WARN_UNINITIALIZED_AUTOS = YES_AGGRESSIVE;
				GCC_WARN_UNUSED_FUNCTION = YES;
				GCC_WARN_UNUSED_VARIABLE = YES;
				IPHONEOS_DEPLOYMENT_TARGET = 16.4;
				MTL_ENABLE_DEBUG_INFO = NO;
				MTL_FAST_MATH = YES;
				SDKROOT = iphoneos;
				SWIFT_COMPILATION_MODE = wholemodule;
				SWIFT_OPTIMIZATION_LEVEL = "-O";
				VALIDATE_PRODUCT = YES;
			};
			name = Release;
		};
		A6BD7FAA2B4D247100190612 /* Debug */ = {
			isa = XCBuildConfiguration;
			buildSettings = {
				ASSETCATALOG_COMPILER_APPICON_NAME = AppIcon;
				ASSETCATALOG_COMPILER_GLOBAL_ACCENT_COLOR_NAME = AccentColor;
				CODE_SIGN_STYLE = Automatic;
				CURRENT_PROJECT_VERSION = 1;
				DEVELOPMENT_TEAM = 2KQ3Z34T9G;
				GENERATE_INFOPLIST_FILE = YES;
				INFOPLIST_FILE = "Master Calculation/Info.plist";
				INFOPLIST_KEY_UIApplicationSupportsIndirectInputEvents = YES;
				INFOPLIST_KEY_UILaunchStoryboardName = LaunchScreen;
				INFOPLIST_KEY_UIMainStoryboardFile = Main;
				INFOPLIST_KEY_UISupportedInterfaceOrientations_iPad = "UIInterfaceOrientationPortrait UIInterfaceOrientationPortraitUpsideDown UIInterfaceOrientationLandscapeLeft UIInterfaceOrientationLandscapeRight";
				INFOPLIST_KEY_UISupportedInterfaceOrientations_iPhone = "UIInterfaceOrientationPortrait UIInterfaceOrientationLandscapeLeft UIInterfaceOrientationLandscapeRight";
				LD_RUNPATH_SEARCH_PATHS = (
					"$(inherited)",
					"@executable_path/Frameworks",
				);
				MARKETING_VERSION = 1.0;
				PRODUCT_BUNDLE_IDENTIFIER = "com.-Twitter.Master-Calculation";
				PRODUCT_NAME = "$(TARGET_NAME)";
				SWIFT_EMIT_LOC_STRINGS = YES;
				SWIFT_VERSION = 5.0;
				TARGETED_DEVICE_FAMILY = "1,2";
			};
			name = Debug;
		};
		A6BD7FAB2B4D247100190612 /* Release */ = {
			isa = XCBuildConfiguration;
			buildSettings = {
				ASSETCATALOG_COMPILER_APPICON_NAME = AppIcon;
				ASSETCATALOG_COMPILER_GLOBAL_ACCENT_COLOR_NAME = AccentColor;
				CODE_SIGN_STYLE = Automatic;
				CURRENT_PROJECT_VERSION = 1;
				DEVELOPMENT_TEAM = 2KQ3Z34T9G;
				GENERATE_INFOPLIST_FILE = YES;
				INFOPLIST_FILE = "Master Calculation/Info.plist";
				INFOPLIST_KEY_UIApplicationSupportsIndirectInputEvents = YES;
				INFOPLIST_KEY_UILaunchStoryboardName = LaunchScreen;
				INFOPLIST_KEY_UIMainStoryboardFile = Main;
				INFOPLIST_KEY_UISupportedInterfaceOrientations_iPad = "UIInterfaceOrientationPortrait UIInterfaceOrientationPortraitUpsideDown UIInterfaceOrientationLandscapeLeft UIInterfaceOrientationLandscapeRight";
				INFOPLIST_KEY_UISupportedInterfaceOrientations_iPhone = "UIInterfaceOrientationPortrait UIInterfaceOrientationLandscapeLeft UIInterfaceOrientationLandscapeRight";
				LD_RUNPATH_SEARCH_PATHS = (
					"$(inherited)",
					"@executable_path/Frameworks",
				);
				MARKETING_VERSION = 1.0;
				PRODUCT_BUNDLE_IDENTIFIER = "com.-Twitter.Master-Calculation";
				PRODUCT_NAME = "$(TARGET_NAME)";
				SWIFT_EMIT_LOC_STRINGS = YES;
				SWIFT_VERSION = 5.0;
				TARGETED_DEVICE_FAMILY = "1,2";
			};
			name = Release;
		};
/* End XCBuildConfiguration section */

/* Begin XCConfigurationList section */
		A6BD7F902B4D247000190612 /* Build configuration list for PBXProject "Master Calculation" */ = {
			isa = XCConfigurationList;
			buildConfigurations = (
				A6BD7FA72B4D247100190612 /* Debug */,
				A6BD7FA82B4D247100190612 /* Release */,
			);
			defaultConfigurationIsVisible = 0;
			defaultConfigurationName = Release;
		};
		A6BD7FA92B4D247100190612 /* Build configuration list for PBXNativeTarget "Master Calculation" */ = {
			isa = XCConfigurationList;
			buildConfigurations = (
				A6BD7FAA2B4D247100190612 /* Debug */,
				A6BD7FAB2B4D247100190612 /* Release */,
			);
			defaultConfigurationIsVisible = 0;
			defaultConfigurationName = Release;
		};
/* End XCConfigurationList section */
	};
	rootObject = A6BD7F8D2B4D247000190612 /* Project object */;
}
